// !$*UTF8*$!
{
	archiveVersion = 1;
	classes = {
	};
	objectVersion = 56;
	objects = {

/* Begin PBXBuildFile section */
		8F75B616290E7FC0001353A3 /* LearningApp.swift in Sources */ = {isa = PBXBuildFile; fileRef = 8F75B615290E7FC0001353A3 /* LearningApp.swift */; };
		8F75B618290E7FC0001353A3 /* HomeView.swift in Sources */ = {isa = PBXBuildFile; fileRef = 8F75B617290E7FC0001353A3 /* HomeView.swift */; };
		8F75B61A290E7FC3001353A3 /* Assets.xcassets in Resources */ = {isa = PBXBuildFile; fileRef = 8F75B619290E7FC3001353A3 /* Assets.xcassets */; };
		8F75B61D290E7FC3001353A3 /* Preview Assets.xcassets in Resources */ = {isa = PBXBuildFile; fileRef = 8F75B61C290E7FC3001353A3 /* Preview Assets.xcassets */; };
		8F75B629290E8069001353A3 /* LearningModel.swift in Sources */ = {isa = PBXBuildFile; fileRef = 8F75B628290E8069001353A3 /* LearningModel.swift */; };
		8F75B62C290EB7C6001353A3 /* style.html in Resources */ = {isa = PBXBuildFile; fileRef = 8F75B62A290EB7C6001353A3 /* style.html */; };
		8F75B62D290EB7C6001353A3 /* data.json in Resources */ = {isa = PBXBuildFile; fileRef = 8F75B62B290EB7C6001353A3 /* data.json */; };
		8F75B62F290EB7D9001353A3 /* Models.swift in Sources */ = {isa = PBXBuildFile; fileRef = 8F75B62E290EB7D9001353A3 /* Models.swift */; };
		8FACDC47290EEF55007F075D /* RowHomeView.swift in Sources */ = {isa = PBXBuildFile; fileRef = 8FACDC46290EEF55007F075D /* RowHomeView.swift */; };
		8FACDC49290F12E4007F075D /* ContentView.swift in Sources */ = {isa = PBXBuildFile; fileRef = 8FACDC48290F12E4007F075D /* ContentView.swift */; };
		8FACDC4B290F21D6007F075D /* RowContentView.swift in Sources */ = {isa = PBXBuildFile; fileRef = 8FACDC4A290F21D6007F075D /* RowContentView.swift */; };
		8FACDC4D291032D6007F075D /* ContentLessonView.swift in Sources */ = {isa = PBXBuildFile; fileRef = 8FACDC4C291032D6007F075D /* ContentLessonView.swift */; };
		8FACDC502910364D007F075D /* AVKit.framework in Frameworks */ = {isa = PBXBuildFile; fileRef = 8FACDC4F2910364C007F075D /* AVKit.framework */; };
		8FACDC522910377A007F075D /* Constants.swift in Sources */ = {isa = PBXBuildFile; fileRef = 8FACDC512910377A007F075D /* Constants.swift */; };
		8FACDC912911BE33007F075D /* CodeTextView.swift in Sources */ = {isa = PBXBuildFile; fileRef = 8FACDC902911BE33007F075D /* CodeTextView.swift */; };
		8FACDCCD2912B2F2007F075D /* RectangleCard.swift in Sources */ = {isa = PBXBuildFile; fileRef = 8FACDCCC2912B2F2007F075D /* RectangleCard.swift */; };
		8FACDCEB291321F2007F075D /* TestView.swift in Sources */ = {isa = PBXBuildFile; fileRef = 8FACDCEA291321F2007F075D /* TestView.swift */; };
/* End PBXBuildFile section */

/* Begin PBXFileReference section */
		8F75B612290E7FC0001353A3 /* LearingApp.app */ = {isa = PBXFileReference; explicitFileType = wrapper.application; includeInIndex = 0; path = LearingApp.app; sourceTree = BUILT_PRODUCTS_DIR; };
		8F75B615290E7FC0001353A3 /* LearningApp.swift */ = {isa = PBXFileReference; lastKnownFileType = sourcecode.swift; path = LearningApp.swift; sourceTree = "<group>"; };
		8F75B617290E7FC0001353A3 /* HomeView.swift */ = {isa = PBXFileReference; lastKnownFileType = sourcecode.swift; path = HomeView.swift; sourceTree = "<group>"; };
		8F75B619290E7FC3001353A3 /* Assets.xcassets */ = {isa = PBXFileReference; lastKnownFileType = folder.assetcatalog; path = Assets.xcassets; sourceTree = "<group>"; };
		8F75B61C290E7FC3001353A3 /* Preview Assets.xcassets */ = {isa = PBXFileReference; lastKnownFileType = folder.assetcatalog; path = "Preview Assets.xcassets"; sourceTree = "<group>"; };
		8F75B628290E8069001353A3 /* LearningModel.swift */ = {isa = PBXFileReference; lastKnownFileType = sourcecode.swift; path = LearningModel.swift; sourceTree = "<group>"; };
		8F75B62A290EB7C6001353A3 /* style.html */ = {isa = PBXFileReference; fileEncoding = 4; lastKnownFileType = text.html; path = style.html; sourceTree = "<group>"; };
		8F75B62B290EB7C6001353A3 /* data.json */ = {isa = PBXFileReference; fileEncoding = 4; lastKnownFileType = text.json; path = data.json; sourceTree = "<group>"; };
		8F75B62E290EB7D9001353A3 /* Models.swift */ = {isa = PBXFileReference; lastKnownFileType = sourcecode.swift; path = Models.swift; sourceTree = "<group>"; };
		8FACDC46290EEF55007F075D /* RowHomeView.swift */ = {isa = PBXFileReference; lastKnownFileType = sourcecode.swift; path = RowHomeView.swift; sourceTree = "<group>"; };
		8FACDC48290F12E4007F075D /* ContentView.swift */ = {isa = PBXFileReference; lastKnownFileType = sourcecode.swift; path = ContentView.swift; sourceTree = "<group>"; };
		8FACDC4A290F21D6007F075D /* RowContentView.swift */ = {isa = PBXFileReference; lastKnownFileType = sourcecode.swift; path = RowContentView.swift; sourceTree = "<group>"; };
		8FACDC4C291032D6007F075D /* ContentLessonView.swift */ = {isa = PBXFileReference; lastKnownFileType = sourcecode.swift; path = ContentLessonView.swift; sourceTree = "<group>"; };
		8FACDC4F2910364C007F075D /* AVKit.framework */ = {isa = PBXFileReference; lastKnownFileType = wrapper.framework; name = AVKit.framework; path = System/Library/Frameworks/AVKit.framework; sourceTree = SDKROOT; };
		8FACDC512910377A007F075D /* Constants.swift */ = {isa = PBXFileReference; lastKnownFileType = sourcecode.swift; path = Constants.swift; sourceTree = "<group>"; };
		8FACDC902911BE33007F075D /* CodeTextView.swift */ = {isa = PBXFileReference; lastKnownFileType = sourcecode.swift; path = CodeTextView.swift; sourceTree = "<group>"; };
		8FACDCCC2912B2F2007F075D /* RectangleCard.swift */ = {isa = PBXFileReference; lastKnownFileType = sourcecode.swift; path = RectangleCard.swift; sourceTree = "<group>"; };
		8FACDCEA291321F2007F075D /* TestView.swift */ = {isa = PBXFileReference; lastKnownFileType = sourcecode.swift; path = TestView.swift; sourceTree = "<group>"; };
/* End PBXFileReference section */

/* Begin PBXFrameworksBuildPhase section */
		8F75B60F290E7FC0001353A3 /* Frameworks */ = {
			isa = PBXFrameworksBuildPhase;
			buildActionMask = 2147483647;
			files = (
				8FACDC502910364D007F075D /* AVKit.framework in Frameworks */,
			);
			runOnlyForDeploymentPostprocessing = 0;
		};
/* End PBXFrameworksBuildPhase section */

/* Begin PBXGroup section */
		8F75B609290E7FC0001353A3 = {
			isa = PBXGroup;
			children = (
				8F75B614290E7FC0001353A3 /* LearingApp */,
				8F75B613290E7FC0001353A3 /* Products */,
				8FACDC4E2910364C007F075D /* Frameworks */,
			);
			sourceTree = "<group>";
		};
		8F75B613290E7FC0001353A3 /* Products */ = {
			isa = PBXGroup;
			children = (
				8F75B612290E7FC0001353A3 /* LearingApp.app */,
			);
			name = Products;
			sourceTree = "<group>";
		};
		8F75B614290E7FC0001353A3 /* LearingApp */ = {
			isa = PBXGroup;
			children = (
				8F75B615290E7FC0001353A3 /* LearningApp.swift */,
				8F75B627290E8025001353A3 /* Views */,
				8F75B626290E801E001353A3 /* ViewModels */,
				8F75B625290E8018001353A3 /* Models */,
				8F75B623290E8002001353A3 /* Resources */,
				8F75B624290E8010001353A3 /* Helpers */,
				8F75B619290E7FC3001353A3 /* Assets.xcassets */,
				8F75B61B290E7FC3001353A3 /* Preview Content */,
			);
			path = LearingApp;
			sourceTree = "<group>";
		};
		8F75B61B290E7FC3001353A3 /* Preview Content */ = {
			isa = PBXGroup;
			children = (
				8F75B61C290E7FC3001353A3 /* Preview Assets.xcassets */,
			);
			path = "Preview Content";
			sourceTree = "<group>";
		};
		8F75B623290E8002001353A3 /* Resources */ = {
			isa = PBXGroup;
			children = (
				8F75B62B290EB7C6001353A3 /* data.json */,
				8F75B62A290EB7C6001353A3 /* style.html */,
				8FACDC512910377A007F075D /* Constants.swift */,
			);
			path = Resources;
			sourceTree = "<group>";
		};
		8F75B624290E8010001353A3 /* Helpers */ = {
			isa = PBXGroup;
			children = (
			);
			path = Helpers;
			sourceTree = "<group>";
		};
		8F75B625290E8018001353A3 /* Models */ = {
			isa = PBXGroup;
			children = (
				8F75B62E290EB7D9001353A3 /* Models.swift */,
			);
			path = Models;
			sourceTree = "<group>";
		};
		8F75B626290E801E001353A3 /* ViewModels */ = {
			isa = PBXGroup;
			children = (
				8F75B628290E8069001353A3 /* LearningModel.swift */,
			);
			path = ViewModels;
			sourceTree = "<group>";
		};
		8F75B627290E8025001353A3 /* Views */ = {
			isa = PBXGroup;
			children = (
				8F75B617290E7FC0001353A3 /* HomeView.swift */,
				8FACDC46290EEF55007F075D /* RowHomeView.swift */,
				8FACDC48290F12E4007F075D /* ContentView.swift */,
				8FACDC4A290F21D6007F075D /* RowContentView.swift */,
				8FACDC4C291032D6007F075D /* ContentLessonView.swift */,
				8FACDC902911BE33007F075D /* CodeTextView.swift */,
				8FACDCCC2912B2F2007F075D /* RectangleCard.swift */,
				8FACDCEA291321F2007F075D /* TestView.swift */,
			);
			path = Views;
			sourceTree = "<group>";
		};
		8FACDC4E2910364C007F075D /* Frameworks */ = {
			isa = PBXGroup;
			children = (
				8FACDC4F2910364C007F075D /* AVKit.framework */,
			);
			name = Frameworks;
			sourceTree = "<group>";
		};
/* End PBXGroup section */

/* Begin PBXNativeTarget section */
		8F75B611290E7FC0001353A3 /* LearingApp */ = {
			isa = PBXNativeTarget;
			buildConfigurationList = 8F75B620290E7FC3001353A3 /* Build configuration list for PBXNativeTarget "LearingApp" */;
			buildPhases = (
				8F75B60E290E7FC0001353A3 /* Sources */,
				8F75B60F290E7FC0001353A3 /* Frameworks */,
				8F75B610290E7FC0001353A3 /* Resources */,
			);
			buildRules = (
			);
			dependencies = (
			);
			name = LearingApp;
			productName = LearingApp;
			productReference = 8F75B612290E7FC0001353A3 /* LearingApp.app */;
			productType = "com.apple.product-type.application";
		};
/* End PBXNativeTarget section */

/* Begin PBXProject section */
		8F75B60A290E7FC0001353A3 /* Project object */ = {
			isa = PBXProject;
			attributes = {
				BuildIndependentTargetsInParallel = 1;
				LastSwiftUpdateCheck = 1400;
				LastUpgradeCheck = 1400;
				TargetAttributes = {
					8F75B611290E7FC0001353A3 = {
						CreatedOnToolsVersion = 14.0.1;
					};
				};
			};
			buildConfigurationList = 8F75B60D290E7FC0001353A3 /* Build configuration list for PBXProject "LearingApp" */;
			compatibilityVersion = "Xcode 14.0";
			developmentRegion = en;
			hasScannedForEncodings = 0;
			knownRegions = (
				en,
				Base,
			);
			mainGroup = 8F75B609290E7FC0001353A3;
			productRefGroup = 8F75B613290E7FC0001353A3 /* Products */;
			projectDirPath = "";
			projectRoot = "";
			targets = (
				8F75B611290E7FC0001353A3 /* LearingApp */,
			);
		};
/* End PBXProject section */

/* Begin PBXResourcesBuildPhase section */
		8F75B610290E7FC0001353A3 /* Resources */ = {
			isa = PBXResourcesBuildPhase;
			buildActionMask = 2147483647;
			files = (
				8F75B62C290EB7C6001353A3 /* style.html in Resources */,
				8F75B61D290E7FC3001353A3 /* Preview Assets.xcassets in Resources */,
				8F75B61A290E7FC3001353A3 /* Assets.xcassets in Resources */,
				8F75B62D290EB7C6001353A3 /* data.json in Resources */,
			);
			runOnlyForDeploymentPostprocessing = 0;
		};
/* End PBXResourcesBuildPhase section */

/* Begin PBXSourcesBuildPhase section */
		8F75B60E290E7FC0001353A3 /* Sources */ = {
			isa = PBXSourcesBuildPhase;
			buildActionMask = 2147483647;
			files = (
				8FACDCEB291321F2007F075D /* TestView.swift in Sources */,
				8F75B618290E7FC0001353A3 /* HomeView.swift in Sources */,
				8FACDC47290EEF55007F075D /* RowHomeView.swift in Sources */,
				8FACDC4B290F21D6007F075D /* RowContentView.swift in Sources */,
				8FACDC49290F12E4007F075D /* ContentView.swift in Sources */,
				8FACDC4D291032D6007F075D /* ContentLessonView.swift in Sources */,
				8F75B616290E7FC0001353A3 /* LearningApp.swift in Sources */,
				8FACDC912911BE33007F075D /* CodeTextView.swift in Sources */,
				8F75B629290E8069001353A3 /* LearningModel.swift in Sources */,
				8F75B62F290EB7D9001353A3 /* Models.swift in Sources */,
				8FACDCCD2912B2F2007F075D /* RectangleCard.swift in Sources */,
				8FACDC522910377A007F075D /* Constants.swift in Sources */,
			);
			runOnlyForDeploymentPostprocessing = 0;
		};
/* End PBXSourcesBuildPhase section */

/* Begin XCBuildConfiguration section */
		8F75B61E290E7FC3001353A3 /* Debug */ = {
			isa = XCBuildConfiguration;
			buildSettings = {
				ALWAYS_SEARCH_USER_PATHS = NO;
				CLANG_ANALYZER_NONNULL = YES;
				CLANG_ANALYZER_NUMBER_OBJECT_CONVERSION = YES_AGGRESSIVE;
				CLANG_CXX_LANGUAGE_STANDARD = "gnu++20";
				CLANG_ENABLE_MODULES = YES;
				CLANG_ENABLE_OBJC_ARC = YES;
				CLANG_ENABLE_OBJC_WEAK = YES;
				CLANG_WARN_BLOCK_CAPTURE_AUTORELEASING = YES;
				CLANG_WARN_BOOL_CONVERSION = YES;
				CLANG_WARN_COMMA = YES;
				CLANG_WARN_CONSTANT_CONVERSION = YES;
				CLANG_WARN_DEPRECATED_OBJC_IMPLEMENTATIONS = YES;
				CLANG_WARN_DIRECT_OBJC_ISA_USAGE = YES_ERROR;
				CLANG_WARN_DOCUMENTATION_COMMENTS = YES;
				CLANG_WARN_EMPTY_BODY = YES;
				CLANG_WARN_ENUM_CONVERSION = YES;
				CLANG_WARN_INFINITE_RECURSION = YES;
				CLANG_WARN_INT_CONVERSION = YES;
				CLANG_WARN_NON_LITERAL_NULL_CONVERSION = YES;
				CLANG_WARN_OBJC_IMPLICIT_RETAIN_SELF = YES;
				CLANG_WARN_OBJC_LITERAL_CONVERSION = YES;
				CLANG_WARN_OBJC_ROOT_CLASS = YES_ERROR;
				CLANG_WARN_QUOTED_INCLUDE_IN_FRAMEWORK_HEADER = YES;
				CLANG_WARN_RANGE_LOOP_ANALYSIS = YES;
				CLANG_WARN_STRICT_PROTOTYPES = YES;
				CLANG_WARN_SUSPICIOUS_MOVE = YES;
				CLANG_WARN_UNGUARDED_AVAILABILITY = YES_AGGRESSIVE;
				CLANG_WARN_UNREACHABLE_CODE = YES;
				CLANG_WARN__DUPLICATE_METHOD_MATCH = YES;
				COPY_PHASE_STRIP = NO;
				DEBUG_INFORMATION_FORMAT = dwarf;
				ENABLE_STRICT_OBJC_MSGSEND = YES;
				ENABLE_TESTABILITY = YES;
				GCC_C_LANGUAGE_STANDARD = gnu11;
				GCC_DYNAMIC_NO_PIC = NO;
				GCC_NO_COMMON_BLOCKS = YES;
				GCC_OPTIMIZATION_LEVEL = 0;
				GCC_PREPROCESSOR_DEFINITIONS = (
					"DEBUG=1",
					"$(inherited)",
				);
				GCC_WARN_64_TO_32_BIT_CONVERSION = YES;
				GCC_WARN_ABOUT_RETURN_TYPE = YES_ERROR;
				GCC_WARN_UNDECLARED_SELECTOR = YES;
				GCC_WARN_UNINITIALIZED_AUTOS = YES_AGGRESSIVE;
				GCC_WARN_UNUSED_FUNCTION = YES;
				GCC_WARN_UNUSED_VARIABLE = YES;
				IPHONEOS_DEPLOYMENT_TARGET = 16.0;
				MTL_ENABLE_DEBUG_INFO = INCLUDE_SOURCE;
				MTL_FAST_MATH = YES;
				ONLY_ACTIVE_ARCH = YES;
				SDKROOT = iphoneos;
				SWIFT_ACTIVE_COMPILATION_CONDITIONS = DEBUG;
				SWIFT_OPTIMIZATION_LEVEL = "-Onone";
			};
			name = Debug;
		};
		8F75B61F290E7FC3001353A3 /* Release */ = {
			isa = XCBuildConfiguration;
			buildSettings = {
				ALWAYS_SEARCH_USER_PATHS = NO;
				CLANG_ANALYZER_NONNULL = YES;
				CLANG_ANALYZER_NUMBER_OBJECT_CONVERSION = YES_AGGRESSIVE;
				CLANG_CXX_LANGUAGE_STANDARD = "gnu++20";
				CLANG_ENABLE_MODULES = YES;
				CLANG_ENABLE_OBJC_ARC = YES;
				CLANG_ENABLE_OBJC_WEAK = YES;
				CLANG_WARN_BLOCK_CAPTURE_AUTORELEASING = YES;
				CLANG_WARN_BOOL_CONVERSION = YES;
				CLANG_WARN_COMMA = YES;
				CLANG_WARN_CONSTANT_CONVERSION = YES;
				CLANG_WARN_DEPRECATED_OBJC_IMPLEMENTATIONS = YES;
				CLANG_WARN_DIRECT_OBJC_ISA_USAGE = YES_ERROR;
				CLANG_WARN_DOCUMENTATION_COMMENTS = YES;
				CLANG_WARN_EMPTY_BODY = YES;
				CLANG_WARN_ENUM_CONVERSION = YES;
				CLANG_WARN_INFINITE_RECURSION = YES;
				CLANG_WARN_INT_CONVERSION = YES;
				CLANG_WARN_NON_LITERAL_NULL_CONVERSION = YES;
				CLANG_WARN_OBJC_IMPLICIT_RETAIN_SELF = YES;
				CLANG_WARN_OBJC_LITERAL_CONVERSION = YES;
				CLANG_WARN_OBJC_ROOT_CLASS = YES_ERROR;
				CLANG_WARN_QUOTED_INCLUDE_IN_FRAMEWORK_HEADER = YES;
				CLANG_WARN_RANGE_LOOP_ANALYSIS = YES;
				CLANG_WARN_STRICT_PROTOTYPES = YES;
				CLANG_WARN_SUSPICIOUS_MOVE = YES;
				CLANG_WARN_UNGUARDED_AVAILABILITY = YES_AGGRESSIVE;
				CLANG_WARN_UNREACHABLE_CODE = YES;
				CLANG_WARN__DUPLICATE_METHOD_MATCH = YES;
				COPY_PHASE_STRIP = NO;
				DEBUG_INFORMATION_FORMAT = "dwarf-with-dsym";
				ENABLE_NS_ASSERTIONS = NO;
				ENABLE_STRICT_OBJC_MSGSEND = YES;
				GCC_C_LANGUAGE_STANDARD = gnu11;
				GCC_NO_COMMON_BLOCKS = YES;
				GCC_WARN_64_TO_32_BIT_CONVERSION = YES;
				GCC_WARN_ABOUT_RETURN_TYPE = YES_ERROR;
				GCC_WARN_UNDECLARED_SELECTOR = YES;
				GCC_WARN_UNINITIALIZED_AUTOS = YES_AGGRESSIVE;
				GCC_WARN_UNUSED_FUNCTION = YES;
				GCC_WARN_UNUSED_VARIABLE = YES;
				IPHONEOS_DEPLOYMENT_TARGET = 16.0;
				MTL_ENABLE_DEBUG_INFO = NO;
				MTL_FAST_MATH = YES;
				SDKROOT = iphoneos;
				SWIFT_COMPILATION_MODE = wholemodule;
				SWIFT_OPTIMIZATION_LEVEL = "-O";
				VALIDATE_PRODUCT = YES;
			};
			name = Release;
		};
		8F75B621290E7FC3001353A3 /* Debug */ = {
			isa = XCBuildConfiguration;
			buildSettings = {
				ASSETCATALOG_COMPILER_APPICON_NAME = AppIcon;
				ASSETCATALOG_COMPILER_GLOBAL_ACCENT_COLOR_NAME = AccentColor;
				CODE_SIGN_STYLE = Automatic;
				CURRENT_PROJECT_VERSION = 1;
				DEVELOPMENT_ASSET_PATHS = "\"LearingApp/Preview Content\"";
				ENABLE_PREVIEWS = YES;
				GENERATE_INFOPLIST_FILE = YES;
				INFOPLIST_KEY_UIApplicationSceneManifest_Generation = YES;
				INFOPLIST_KEY_UIApplicationSupportsIndirectInputEvents = YES;
				INFOPLIST_KEY_UILaunchScreen_Generation = YES;
				INFOPLIST_KEY_UISupportedInterfaceOrientations_iPad = "UIInterfaceOrientationPortrait UIInterfaceOrientationPortraitUpsideDown UIInterfaceOrientationLandscapeLeft UIInterfaceOrientationLandscapeRight";
				INFOPLIST_KEY_UISupportedInterfaceOrientations_iPhone = "UIInterfaceOrientationPortrait UIInterfaceOrientationLandscapeLeft UIInterfaceOrientationLandscapeRight";
				LD_RUNPATH_SEARCH_PATHS = (
					"$(inherited)",
					"@executable_path/Frameworks",
				);
				MARKETING_VERSION = 1.0;
				PRODUCT_BUNDLE_IDENTIFIER = nilsson.fredrik.LearingApp;
				PRODUCT_NAME = "$(TARGET_NAME)";
				SWIFT_EMIT_LOC_STRINGS = YES;
				SWIFT_VERSION = 5.0;
				TARGETED_DEVICE_FAMILY = "1,2";
			};
			name = Debug;
		};
		8F75B622290E7FC3001353A3 /* Release */ = {
			isa = XCBuildConfiguration;
			buildSettings = {
				ASSETCATALOG_COMPILER_APPICON_NAME = AppIcon;
				ASSETCATALOG_COMPILER_GLOBAL_ACCENT_COLOR_NAME = AccentColor;
				CODE_SIGN_STYLE = Automatic;
				CURRENT_PROJECT_VERSION = 1;
				DEVELOPMENT_ASSET_PATHS = "\"LearingApp/Preview Content\"";
				ENABLE_PREVIEWS = YES;
				GENERATE_INFOPLIST_FILE = YES;
				INFOPLIST_KEY_UIApplicationSceneManifest_Generation = YES;
				INFOPLIST_KEY_UIApplicationSupportsIndirectInputEvents = YES;
				INFOPLIST_KEY_UILaunchScreen_Generation = YES;
				INFOPLIST_KEY_UISupportedInterfaceOrientations_iPad = "UIInterfaceOrientationPortrait UIInterfaceOrientationPortraitUpsideDown UIInterfaceOrientationLandscapeLeft UIInterfaceOrientationLandscapeRight";
				INFOPLIST_KEY_UISupportedInterfaceOrientations_iPhone = "UIInterfaceOrientationPortrait UIInterfaceOrientationLandscapeLeft UIInterfaceOrientationLandscapeRight";
				LD_RUNPATH_SEARCH_PATHS = (
					"$(inherited)",
					"@executable_path/Frameworks",
				);
				MARKETING_VERSION = 1.0;
				PRODUCT_BUNDLE_IDENTIFIER = nilsson.fredrik.LearingApp;
				PRODUCT_NAME = "$(TARGET_NAME)";
				SWIFT_EMIT_LOC_STRINGS = YES;
				SWIFT_VERSION = 5.0;
				TARGETED_DEVICE_FAMILY = "1,2";
			};
			name = Release;
		};
/* End XCBuildConfiguration section */

/* Begin XCConfigurationList section */
		8F75B60D290E7FC0001353A3 /* Build configuration list for PBXProject "LearingApp" */ = {
			isa = XCConfigurationList;
			buildConfigurations = (
				8F75B61E290E7FC3001353A3 /* Debug */,
				8F75B61F290E7FC3001353A3 /* Release */,
			);
			defaultConfigurationIsVisible = 0;
			defaultConfigurationName = Release;
		};
		8F75B620290E7FC3001353A3 /* Build configuration list for PBXNativeTarget "LearingApp" */ = {
			isa = XCConfigurationList;
			buildConfigurations = (
				8F75B621290E7FC3001353A3 /* Debug */,
				8F75B622290E7FC3001353A3 /* Release */,
			);
			defaultConfigurationIsVisible = 0;
			defaultConfigurationName = Release;
		};
/* End XCConfigurationList section */
	};
	rootObject = 8F75B60A290E7FC0001353A3 /* Project object */;
}
